
Microsoft Visual Studio Solution File, Format Version 12.00
# Visual Studio 15
Project("{FAE04EC0-301F-11D3-BF4B-00C04F79EFBC}") = "Assembly-CSharp", "Assembly-CSharp.csproj", "{0D26BB89-2872-66E6-D4DD-94B9C0F6374A}"
EndProject
Project("{FAE04EC0-301F-11D3-BF4B-00C04F79EFBC}") = "Oculus.VR", "Oculus.VR.csproj", "{3E3C85C9-98C2-A6C8-0D78-F85B236322CA}"
EndProject
Project("{FAE04EC0-301F-11D3-BF4B-00C04F79EFBC}") = "Oculus.Platform", "Oculus.Platform.csproj", "{EAC479CC-99DD-104F-024C-B960CED9D662}"
EndProject
Project("{FAE04EC0-301F-11D3-BF4B-00C04F79EFBC}") = "Assembly-CSharp-Editor", "Assembly-CSharp-Editor.csproj", "{7E68AA27-D45D-A925-9E17-7F0D6F857581}"
EndProject
Project("{FAE04EC0-301F-11D3-BF4B-00C04F79EFBC}") = "Oculus.VR.Scripts.Editor", "Oculus.VR.Scripts.Editor.csproj", "{05BF1B8D-B19F-AFBD-43E8-3C95E361E7F7}"
EndProject
Project("{FAE04EC0-301F-11D3-BF4B-00C04F79EFBC}") = "Oculus.VR.Editor", "Oculus.VR.Editor.csproj", "{B45AA938-F69C-72D0-FEB4-5E3C2E0B5810}"
EndProject
Project("{FAE04EC0-301F-11D3-BF4B-00C04F79EFBC}") = "Oculus.Platform.Editor", "Oculus.Platform.Editor.csproj", "{D272AA5D-1900-D8C8-4200-7C93BCE7C124}"
EndProject
Global
	GlobalSection(SolutionConfigurationPlatforms) = preSolution
		Debug|Any CPU = Debug|Any CPU
		Release|Any CPU = Release|Any CPU
	EndGlobalSection
	GlobalSection(ProjectConfigurationPlatforms) = postSolution
		{0D26BB89-2872-66E6-D4DD-94B9C0F6374A}.Debug|Any CPU.ActiveCfg = Debug|Any CPU
		{0D26BB89-2872-66E6-D4DD-94B9C0F6374A}.Debug|Any CPU.Build.0 = Debug|Any CPU
		{0D26BB89-2872-66E6-D4DD-94B9C0F6374A}.Release|Any CPU.ActiveCfg = Release|Any CPU
		{0D26BB89-2872-66E6-D4DD-94B9C0F6374A}.Release|Any CPU.Build.0 = Release|Any CPU
		{3E3C85C9-98C2-A6C8-0D78-F85B236322CA}.Debug|Any CPU.ActiveCfg = Debug|Any CPU
		{3E3C85C9-98C2-A6C8-0D78-F85B236322CA}.Debug|Any CPU.Build.0 = Debug|Any CPU
		{3E3C85C9-98C2-A6C8-0D78-F85B236322CA}.Release|Any CPU.ActiveCfg = Release|Any CPU
		{3E3C85C9-98C2-A6C8-0D78-F85B236322CA}.Release|Any CPU.Build.0 = Release|Any CPU
		{EAC479CC-99DD-104F-024C-B960CED9D662}.Debug|Any CPU.ActiveCfg = Debug|Any CPU
		{EAC479CC-99DD-104F-024C-B960CED9D662}.Debug|Any CPU.Build.0 = Debug|Any CPU
		{EAC479CC-99DD-104F-024C-B960CED9D662}.Release|Any CPU.ActiveCfg = Release|Any CPU
		{EAC479CC-99DD-104F-024C-B960CED9D662}.Release|Any CPU.Build.0 = Release|Any CPU
		{7E68AA27-D45D-A925-9E17-7F0D6F857581}.Debug|Any CPU.ActiveCfg = Debug|Any CPU
		{7E68AA27-D45D-A925-9E17-7F0D6F857581}.Debug|Any CPU.Build.0 = Debug|Any CPU
		{7E68AA27-D45D-A925-9E17-7F0D6F857581}.Release|Any CPU.ActiveCfg = Release|Any CPU
		{7E68AA27-D45D-A925-9E17-7F0D6F857581}.Release|Any CPU.Build.0 = Release|Any CPU
		{05BF1B8D-B19F-AFBD-43E8-3C95E361E7F7}.Debug|Any CPU.ActiveCfg = Debug|Any CPU
		{05BF1B8D-B19F-AFBD-43E8-3C95E361E7F7}.Debug|Any CPU.Build.0 = Debug|Any CPU
		{05BF1B8D-B19F-AFBD-43E8-3C95E361E7F7}.Release|Any CPU.ActiveCfg = Release|Any CPU
		{05BF1B8D-B19F-AFBD-43E8-3C95E361E7F7}.Release|Any CPU.Build.0 = Release|Any CPU
		{B45AA938-F69C-72D0-FEB4-5E3C2E0B5810}.Debug|Any CPU.ActiveCfg = Debug|Any CPU
		{B45AA938-F69C-72D0-FEB4-5E3C2E0B5810}.Debug|Any CPU.Build.0 = Debug|Any CPU
		{B45AA938-F69C-72D0-FEB4-5E3C2E0B5810}.Release|Any CPU.ActiveCfg = Release|Any CPU
		{B45AA938-F69C-72D0-FEB4-5E3C2E0B5810}.Release|Any CPU.Build.0 = Release|Any CPU
		{D272AA5D-1900-D8C8-4200-7C93BCE7C124}.Debug|Any CPU.ActiveCfg = Debug|Any CPU
		{D272AA5D-1900-D8C8-4200-7C93BCE7C124}.Debug|Any CPU.Build.0 = Debug|Any CPU
		{D272AA5D-1900-D8C8-4200-7C93BCE7C124}.Release|Any CPU.ActiveCfg = Release|Any CPU
		{D272AA5D-1900-D8C8-4200-7C93BCE7C124}.Release|Any CPU.Build.0 = Release|Any CPU
	EndGlobalSection
	GlobalSection(SolutionProperties) = preSolution
		HideSolutionNode = FALSE
	EndGlobalSection
EndGlobal
