
Microsoft Visual Studio Solution File, Format Version 11.00
# Visual Studio 2010
Project("{FAE04EC0-301F-11D3-BF4B-00C04F79EFBC}") = "Assembly-CSharp", "Assembly-CSharp.csproj", "{89bb260d-7228-e666-d4dd-94b9c0f6374a}"
EndProject
Project("{FAE04EC0-301F-11D3-BF4B-00C04F79EFBC}") = "Oculus.VR", "Oculus.VR.csproj", "{c9853c3e-c298-c8a6-0d78-f85b236322ca}"
EndProject
Project("{FAE04EC0-301F-11D3-BF4B-00C04F79EFBC}") = "Oculus.Platform", "Oculus.Platform.csproj", "{cc79c4ea-dd99-4f10-024c-b960ced9d662}"
EndProject
Project("{FAE04EC0-301F-11D3-BF4B-00C04F79EFBC}") = "Assembly-CSharp-Editor", "Assembly-CSharp-Editor.csproj", "{27aa687e-5dd4-25a9-9e17-7f0d6f857581}"
EndProject
Project("{FAE04EC0-301F-11D3-BF4B-00C04F79EFBC}") = "Oculus.VR.Scripts.Editor", "Oculus.VR.Scripts.Editor.csproj", "{8d1bbf05-9fb1-bdaf-43e8-3c95e361e7f7}"
EndProject
Project("{FAE04EC0-301F-11D3-BF4B-00C04F79EFBC}") = "Oculus.VR.Editor", "Oculus.VR.Editor.csproj", "{38a95ab4-9cf6-d072-feb4-5e3c2e0b5810}"
EndProject
Project("{FAE04EC0-301F-11D3-BF4B-00C04F79EFBC}") = "Oculus.Platform.Editor", "Oculus.Platform.Editor.csproj", "{5daa72d2-0019-c8d8-4200-7c93bce7c124}"
EndProject
Global
	GlobalSection(SolutionConfigurationPlatforms) = preSolution
		Debug|Any CPU = Debug|Any CPU
	EndGlobalSection
	GlobalSection(ProjectConfigurationPlatforms) = postSolution
		{89bb260d-7228-e666-d4dd-94b9c0f6374a}.Debug|Any CPU.ActiveCfg = Debug|Any CPU
		{89bb260d-7228-e666-d4dd-94b9c0f6374a}.Debug|Any CPU.Build.0 = Debug|Any CPU
		{c9853c3e-c298-c8a6-0d78-f85b236322ca}.Debug|Any CPU.ActiveCfg = Debug|Any CPU
		{c9853c3e-c298-c8a6-0d78-f85b236322ca}.Debug|Any CPU.Build.0 = Debug|Any CPU
		{cc79c4ea-dd99-4f10-024c-b960ced9d662}.Debug|Any CPU.ActiveCfg = Debug|Any CPU
		{cc79c4ea-dd99-4f10-024c-b960ced9d662}.Debug|Any CPU.Build.0 = Debug|Any CPU
		{27aa687e-5dd4-25a9-9e17-7f0d6f857581}.Debug|Any CPU.ActiveCfg = Debug|Any CPU
		{27aa687e-5dd4-25a9-9e17-7f0d6f857581}.Debug|Any CPU.Build.0 = Debug|Any CPU
		{8d1bbf05-9fb1-bdaf-43e8-3c95e361e7f7}.Debug|Any CPU.ActiveCfg = Debug|Any CPU
		{8d1bbf05-9fb1-bdaf-43e8-3c95e361e7f7}.Debug|Any CPU.Build.0 = Debug|Any CPU
		{38a95ab4-9cf6-d072-feb4-5e3c2e0b5810}.Debug|Any CPU.ActiveCfg = Debug|Any CPU
		{38a95ab4-9cf6-d072-feb4-5e3c2e0b5810}.Debug|Any CPU.Build.0 = Debug|Any CPU
		{5daa72d2-0019-c8d8-4200-7c93bce7c124}.Debug|Any CPU.ActiveCfg = Debug|Any CPU
		{5daa72d2-0019-c8d8-4200-7c93bce7c124}.Debug|Any CPU.Build.0 = Debug|Any CPU
	EndGlobalSection
	GlobalSection(SolutionProperties) = preSolution
		HideSolutionNode = FALSE
	EndGlobalSection
EndGlobal
